
Microsoft Visual Studio Solution File, Format Version 12.00
# Visual Studio Version 17
VisualStudioVersion = 17.4.33205.214
MinimumVisualStudioVersion = 10.0.40219.1
Project("{9A19103F-16F7-4668-BE54-9A1E7A4F7556}") = "CartServer", "CartServer\CartServer.csproj", "{1286C7FE-4A23-4D3D-A7F0-2F39D6A7BE57}"
	ProjectSection(ProjectDependencies) = postProject
		{8251CDDA-6693-4010-836C-003E59FB6CEE} = {8251CDDA-6693-4010-836C-003E59FB6CEE}
	EndProjectSection
EndProject
Project("{9A19103F-16F7-4668-BE54-9A1E7A4F7556}") = "ProductServer", "ProductServer\ProductServer.csproj", "{9F4BC577-4B92-460C-8591-4D270D8DBD5E}"
	ProjectSection(ProjectDependencies) = postProject
		{8251CDDA-6693-4010-836C-003E59FB6CEE} = {8251CDDA-6693-4010-836C-003E59FB6CEE}
	EndProjectSection
EndProject
Project("{9A19103F-16F7-4668-BE54-9A1E7A4F7556}") = "ApiGatewayServer", "ApiGatewayServer\ApiGatewayServer.csproj", "{402B3553-4D46-43DF-8E03-2E59BB17A2C2}"
	ProjectSection(ProjectDependencies) = postProject
		{8251CDDA-6693-4010-836C-003E59FB6CEE} = {8251CDDA-6693-4010-836C-003E59FB6CEE}
	EndProjectSection
EndProject
Project("{9A19103F-16F7-4668-BE54-9A1E7A4F7556}") = "SharedLibrary", "SharedLibrary\SharedLibrary.csproj", "{8251CDDA-6693-4010-836C-003E59FB6CEE}"
EndProject
Project("{FAE04EC0-301F-11D3-BF4B-00C04F79EFBC}") = "AuthServer", "AuthServer\AuthServer.csproj", "{A0755D41-50A7-4FDF-A283-BEBFAA378042}"
EndProject
Global
	GlobalSection(SolutionConfigurationPlatforms) = preSolution
		Debug|Any CPU = Debug|Any CPU
		Release|Any CPU = Release|Any CPU
	EndGlobalSection
	GlobalSection(ProjectConfigurationPlatforms) = postSolution
		{1286C7FE-4A23-4D3D-A7F0-2F39D6A7BE57}.Debug|Any CPU.ActiveCfg = Debug|Any CPU
		{1286C7FE-4A23-4D3D-A7F0-2F39D6A7BE57}.Debug|Any CPU.Build.0 = Debug|Any CPU
		{1286C7FE-4A23-4D3D-A7F0-2F39D6A7BE57}.Release|Any CPU.ActiveCfg = Release|Any CPU
		{1286C7FE-4A23-4D3D-A7F0-2F39D6A7BE57}.Release|Any CPU.Build.0 = Release|Any CPU
		{9F4BC577-4B92-460C-8591-4D270D8DBD5E}.Debug|Any CPU.ActiveCfg = Debug|Any CPU
		{9F4BC577-4B92-460C-8591-4D270D8DBD5E}.Debug|Any CPU.Build.0 = Debug|Any CPU
		{9F4BC577-4B92-460C-8591-4D270D8DBD5E}.Release|Any CPU.ActiveCfg = Release|Any CPU
		{9F4BC577-4B92-460C-8591-4D270D8DBD5E}.Release|Any CPU.Build.0 = Release|Any CPU
		{402B3553-4D46-43DF-8E03-2E59BB17A2C2}.Debug|Any CPU.ActiveCfg = Debug|Any CPU
		{402B3553-4D46-43DF-8E03-2E59BB17A2C2}.Debug|Any CPU.Build.0 = Debug|Any CPU
		{402B3553-4D46-43DF-8E03-2E59BB17A2C2}.Release|Any CPU.ActiveCfg = Release|Any CPU
		{402B3553-4D46-43DF-8E03-2E59BB17A2C2}.Release|Any CPU.Build.0 = Release|Any CPU
		{8251CDDA-6693-4010-836C-003E59FB6CEE}.Debug|Any CPU.ActiveCfg = Debug|Any CPU
		{8251CDDA-6693-4010-836C-003E59FB6CEE}.Debug|Any CPU.Build.0 = Debug|Any CPU
		{8251CDDA-6693-4010-836C-003E59FB6CEE}.Release|Any CPU.ActiveCfg = Release|Any CPU
		{8251CDDA-6693-4010-836C-003E59FB6CEE}.Release|Any CPU.Build.0 = Release|Any CPU
		{A0755D41-50A7-4FDF-A283-BEBFAA378042}.Debug|Any CPU.ActiveCfg = Debug|Any CPU
		{A0755D41-50A7-4FDF-A283-BEBFAA378042}.Debug|Any CPU.Build.0 = Debug|Any CPU
		{A0755D41-50A7-4FDF-A283-BEBFAA378042}.Release|Any CPU.ActiveCfg = Release|Any CPU
		{A0755D41-50A7-4FDF-A283-BEBFAA378042}.Release|Any CPU.Build.0 = Release|Any CPU
	EndGlobalSection
	GlobalSection(SolutionProperties) = preSolution
		HideSolutionNode = FALSE
	EndGlobalSection
	GlobalSection(ExtensibilityGlobals) = postSolution
		SolutionGuid = {3DBFEA93-B47D-49CD-B688-27258DED59AE}
	EndGlobalSection
EndGlobal
